// !$*UTF8*$!
{
	archiveVersion = 1;
	classes = {
	};
	objectVersion = 46;
	objects = {

/* Begin PBXBuildFile section */
		CEE16A2B1AC0580700E85823 /* main.m in Sources */ = {isa = PBXBuildFile; fileRef = CEE16A2A1AC0580700E85823 /* main.m */; };
		CEE16A2E1AC0580700E85823 /* AppDelegate.m in Sources */ = {isa = PBXBuildFile; fileRef = CEE16A2D1AC0580700E85823 /* AppDelegate.m */; };
		CEE16A311AC0580700E85823 /* ViewController.m in Sources */ = {isa = PBXBuildFile; fileRef = CEE16A301AC0580700E85823 /* ViewController.m */; };
		CEE16A341AC0580800E85823 /* Main.storyboard in Resources */ = {isa = PBXBuildFile; fileRef = CEE16A321AC0580800E85823 /* Main.storyboard */; };
		CEE16A361AC0580800E85823 /* Images.xcassets in Resources */ = {isa = PBXBuildFile; fileRef = CEE16A351AC0580800E85823 /* Images.xcassets */; };
		CEE16A391AC0580800E85823 /* LaunchScreen.xib in Resources */ = {isa = PBXBuildFile; fileRef = CEE16A371AC0580800E85823 /* LaunchScreen.xib */; };
		CEE16A451AC0580800E85823 /* HelloGitTests.m in Sources */ = {isa = PBXBuildFile; fileRef = CEE16A441AC0580800E85823 /* HelloGitTests.m */; };
/* End PBXBuildFile section */

/* Begin PBXContainerItemProxy section */
		CEE16A3F1AC0580800E85823 /* PBXContainerItemProxy */ = {
			isa = PBXContainerItemProxy;
			containerPortal = CEE16A1D1AC0580700E85823 /* Project object */;
			proxyType = 1;
			remoteGlobalIDString = CEE16A241AC0580700E85823;
			remoteInfo = HelloGit;
		};
/* End PBXContainerItemProxy section */

/* Begin PBXFileReference section */
		CEE16A251AC0580700E85823 /* HelloGit.app */ = {isa = PBXFileReference; explicitFileType = wrapper.application; includeInIndex = 0; path = HelloGit.app; sourceTree = BUILT_PRODUCTS_DIR; };
		CEE16A291AC0580700E85823 /* Info.plist */ = {isa = PBXFileReference; lastKnownFileType = text.plist.xml; path = Info.plist; sourceTree = "<group>"; };
		CEE16A2A1AC0580700E85823 /* main.m */ = {isa = PBXFileReference; lastKnownFileType = sourcecode.c.objc; path = main.m; sourceTree = "<group>"; };
		CEE16A2C1AC0580700E85823 /* AppDelegate.h */ = {isa = PBXFileReference; lastKnownFileType = sourcecode.c.h; path = AppDelegate.h; sourceTree = "<group>"; };
		CEE16A2D1AC0580700E85823 /* AppDelegate.m */ = {isa = PBXFileReference; lastKnownFileType = sourcecode.c.objc; path = AppDelegate.m; sourceTree = "<group>"; };
		CEE16A2F1AC0580700E85823 /* ViewController.h */ = {isa = PBXFileReference; lastKnownFileType = sourcecode.c.h; path = ViewController.h; sourceTree = "<group>"; };
		CEE16A301AC0580700E85823 /* ViewController.m */ = {isa = PBXFileReference; lastKnownFileType = sourcecode.c.objc; path = ViewController.m; sourceTree = "<group>"; };
		CEE16A331AC0580800E85823 /* Base */ = {isa = PBXFileReference; lastKnownFileType = file.storyboard; name = Base; path = Base.lproj/Main.storyboard; sourceTree = "<group>"; };
		CEE16A351AC0580800E85823 /* Images.xcassets */ = {isa = PBXFileReference; lastKnownFileType = folder.assetcatalog; path = Images.xcassets; sourceTree = "<group>"; };
		CEE16A381AC0580800E85823 /* Base */ = {isa = PBXFileReference; lastKnownFileType = file.xib; name = Base; path = Base.lproj/LaunchScreen.xib; sourceTree = "<group>"; };
		CEE16A3E1AC0580800E85823 /* HelloGitTests.xctest */ = {isa = PBXFileReference; explicitFileType = wrapper.cfbundle; includeInIndex = 0; path = HelloGitTests.xctest; sourceTree = BUILT_PRODUCTS_DIR; };
		CEE16A431AC0580800E85823 /* Info.plist */ = {isa = PBXFileReference; lastKnownFileType = text.plist.xml; path = Info.plist; sourceTree = "<group>"; };
		CEE16A441AC0580800E85823 /* HelloGitTests.m */ = {isa = PBXFileReference; lastKnownFileType = sourcecode.c.objc; path = HelloGitTests.m; sourceTree = "<group>"; };
/* End PBXFileReference section */

/* Begin PBXFrameworksBuildPhase section */
		CEE16A221AC0580700E85823 /* Frameworks */ = {
			isa = PBXFrameworksBuildPhase;
			buildActionMask = 2147483647;
			files = (
			);
			runOnlyForDeploymentPostprocessing = 0;
		};
		CEE16A3B1AC0580800E85823 /* Frameworks */ = {
			isa = PBXFrameworksBuildPhase;
			buildActionMask = 2147483647;
			files = (
			);
			runOnlyForDeploymentPostprocessing = 0;
		};
/* End PBXFrameworksBuildPhase section */

/* Begin PBXGroup section */
		CEE16A1C1AC0580700E85823 = {
			isa = PBXGroup;
			children = (
				CEE16A271AC0580700E85823 /* HelloGit */,
				CEE16A411AC0580800E85823 /* HelloGitTests */,
				CEE16A261AC0580700E85823 /* Products */,
			);
			sourceTree = "<group>";
		};
		CEE16A261AC0580700E85823 /* Products */ = {
			isa = PBXGroup;
			children = (
				CEE16A251AC0580700E85823 /* HelloGit.app */,
				CEE16A3E1AC0580800E85823 /* HelloGitTests.xctest */,
			);
			name = Products;
			sourceTree = "<group>";
		};
		CEE16A271AC0580700E85823 /* HelloGit */ = {
			isa = PBXGroup;
			children = (
				CEE16A2C1AC0580700E85823 /* AppDelegate.h */,
				CEE16A2D1AC0580700E85823 /* AppDelegate.m */,
				CEE16A2F1AC0580700E85823 /* ViewController.h */,
				CEE16A301AC0580700E85823 /* ViewController.m */,
				CEE16A321AC0580800E85823 /* Main.storyboard */,
				CEE16A351AC0580800E85823 /* Images.xcassets */,
				CEE16A371AC0580800E85823 /* LaunchScreen.xib */,
				CEE16A281AC0580700E85823 /* Supporting Files */,
			);
			path = HelloGit;
			sourceTree = "<group>";
		};
		CEE16A281AC0580700E85823 /* Supporting Files */ = {
			isa = PBXGroup;
			children = (
				CEE16A291AC0580700E85823 /* Info.plist */,
				CEE16A2A1AC0580700E85823 /* main.m */,
			);
			name = "Supporting Files";
			sourceTree = "<group>";
		};
		CEE16A411AC0580800E85823 /* HelloGitTests */ = {
			isa = PBXGroup;
			children = (
				CEE16A441AC0580800E85823 /* HelloGitTests.m */,
				CEE16A421AC0580800E85823 /* Supporting Files */,
			);
			path = HelloGitTests;
			sourceTree = "<group>";
		};
		CEE16A421AC0580800E85823 /* Supporting Files */ = {
			isa = PBXGroup;
			children = (
				CEE16A431AC0580800E85823 /* Info.plist */,
			);
			name = "Supporting Files";
			sourceTree = "<group>";
		};
/* End PBXGroup section */

/* Begin PBXNativeTarget section */
		CEE16A241AC0580700E85823 /* HelloGit */ = {
			isa = PBXNativeTarget;
			buildConfigurationList = CEE16A481AC0580800E85823 /* Build configuration list for PBXNativeTarget "HelloGit" */;
			buildPhases = (
				CEE16A211AC0580700E85823 /* Sources */,
				CEE16A221AC0580700E85823 /* Frameworks */,
				CEE16A231AC0580700E85823 /* Resources */,
			);
			buildRules = (
			);
			dependencies = (
			);
			name = HelloGit;
			productName = HelloGit;
			productReference = CEE16A251AC0580700E85823 /* HelloGit.app */;
			productType = "com.apple.product-type.application";
		};
		CEE16A3D1AC0580800E85823 /* HelloGitTests */ = {
			isa = PBXNativeTarget;
			buildConfigurationList = CEE16A4B1AC0580800E85823 /* Build configuration list for PBXNativeTarget "HelloGitTests" */;
			buildPhases = (
				CEE16A3A1AC0580800E85823 /* Sources */,
				CEE16A3B1AC0580800E85823 /* Frameworks */,
				CEE16A3C1AC0580800E85823 /* Resources */,
			);
			buildRules = (
			);
			dependencies = (
				CEE16A401AC0580800E85823 /* PBXTargetDependency */,
			);
			name = HelloGitTests;
			productName = HelloGitTests;
			productReference = CEE16A3E1AC0580800E85823 /* HelloGitTests.xctest */;
			productType = "com.apple.product-type.bundle.unit-test";
		};
/* End PBXNativeTarget section */

/* Begin PBXProject section */
		CEE16A1D1AC0580700E85823 /* Project object */ = {
			isa = PBXProject;
			attributes = {
				LastUpgradeCheck = 0610;
				ORGANIZATIONNAME = "nX Software Studio";
				TargetAttributes = {
					CEE16A241AC0580700E85823 = {
						CreatedOnToolsVersion = 6.1.1;
					};
					CEE16A3D1AC0580800E85823 = {
						CreatedOnToolsVersion = 6.1.1;
						TestTargetID = CEE16A241AC0580700E85823;
					};
				};
			};
			buildConfigurationList = CEE16A201AC0580700E85823 /* Build configuration list for PBXProject "HelloGit" */;
			compatibilityVersion = "Xcode 3.2";
			developmentRegion = English;
			hasScannedForEncodings = 0;
			knownRegions = (
				en,
				Base,
			);
			mainGroup = CEE16A1C1AC0580700E85823;
			productRefGroup = CEE16A261AC0580700E85823 /* Products */;
			projectDirPath = "";
			projectRoot = "";
			targets = (
				CEE16A241AC0580700E85823 /* HelloGit */,
				CEE16A3D1AC0580800E85823 /* HelloGitTests */,
			);
		};
/* End PBXProject section */

/* Begin PBXResourcesBuildPhase section */
		CEE16A231AC0580700E85823 /* Resources */ = {
			isa = PBXResourcesBuildPhase;
			buildActionMask = 2147483647;
			files = (
				CEE16A341AC0580800E85823 /* Main.storyboard in Resources */,
				CEE16A391AC0580800E85823 /* LaunchScreen.xib in Resources */,
				CEE16A361AC0580800E85823 /* Images.xcassets in Resources */,
			);
			runOnlyForDeploymentPostprocessing = 0;
		};
		CEE16A3C1AC0580800E85823 /* Resources */ = {
			isa = PBXResourcesBuildPhase;
			buildActionMask = 2147483647;
			files = (
			);
			runOnlyForDeploymentPostprocessing = 0;
		};
/* End PBXResourcesBuildPhase section */

/* Begin PBXSourcesBuildPhase section */
		CEE16A211AC0580700E85823 /* Sources */ = {
			isa = PBXSourcesBuildPhase;
			buildActionMask = 2147483647;
			files = (
				CEE16A311AC0580700E85823 /* ViewController.m in Sources */,
				CEE16A2E1AC0580700E85823 /* AppDelegate.m in Sources */,
				CEE16A2B1AC0580700E85823 /* main.m in Sources */,
			);
			runOnlyForDeploymentPostprocessing = 0;
		};
		CEE16A3A1AC0580800E85823 /* Sources */ = {
			isa = PBXSourcesBuildPhase;
			buildActionMask = 2147483647;
			files = (
				CEE16A451AC0580800E85823 /* HelloGitTests.m in Sources */,
			);
			runOnlyForDeploymentPostprocessing = 0;
		};
/* End PBXSourcesBuildPhase section */

/* Begin PBXTargetDependency section */
		CEE16A401AC0580800E85823 /* PBXTargetDependency */ = {
			isa = PBXTargetDependency;
			target = CEE16A241AC0580700E85823 /* HelloGit */;
			targetProxy = CEE16A3F1AC0580800E85823 /* PBXContainerItemProxy */;
		};
/* End PBXTargetDependency section */

/* Begin PBXVariantGroup section */
		CEE16A321AC0580800E85823 /* Main.storyboard */ = {
			isa = PBXVariantGroup;
			children = (
				CEE16A331AC0580800E85823 /* Base */,
			);
			name = Main.storyboard;
			sourceTree = "<group>";
		};
		CEE16A371AC0580800E85823 /* LaunchScreen.xib */ = {
			isa = PBXVariantGroup;
			children = (
				CEE16A381AC0580800E85823 /* Base */,
			);
			name = LaunchScreen.xib;
			sourceTree = "<group>";
		};
/* End PBXVariantGroup section */

/* Begin XCBuildConfiguration section */
		CEE16A461AC0580800E85823 /* Debug */ = {
			isa = XCBuildConfiguration;
			buildSettings = {
				ALWAYS_SEARCH_USER_PATHS = NO;
				CLANG_CXX_LANGUAGE_STANDARD = "gnu++0x";
				CLANG_CXX_LIBRARY = "libc++";
				CLANG_ENABLE_MODULES = YES;
				CLANG_ENABLE_OBJC_ARC = YES;
				CLANG_WARN_BOOL_CONVERSION = YES;
				CLANG_WARN_CONSTANT_CONVERSION = YES;
				CLANG_WARN_DIRECT_OBJC_ISA_USAGE = YES_ERROR;
				CLANG_WARN_EMPTY_BODY = YES;
				CLANG_WARN_ENUM_CONVERSION = YES;
				CLANG_WARN_INT_CONVERSION = YES;
				CLANG_WARN_OBJC_ROOT_CLASS = YES_ERROR;
				CLANG_WARN_UNREACHABLE_CODE = YES;
				CLANG_WARN__DUPLICATE_METHOD_MATCH = YES;
				"CODE_SIGN_IDENTITY[sdk=iphoneos*]" = "iPhone Developer";
				COPY_PHASE_STRIP = NO;
				ENABLE_STRICT_OBJC_MSGSEND = YES;
				GCC_C_LANGUAGE_STANDARD = gnu99;
				GCC_DYNAMIC_NO_PIC = NO;
				GCC_OPTIMIZATION_LEVEL = 0;
				GCC_PREPROCESSOR_DEFINITIONS = (
					"DEBUG=1",
					"$(inherited)",
				);
				GCC_SYMBOLS_PRIVATE_EXTERN = NO;
				GCC_WARN_64_TO_32_BIT_CONVERSION = YES;
				GCC_WARN_ABOUT_RETURN_TYPE = YES_ERROR;
				GCC_WARN_UNDECLARED_SELECTOR = YES;
				GCC_WARN_UNINITIALIZED_AUTOS = YES_AGGRESSIVE;
				GCC_WARN_UNUSED_FUNCTION = YES;
				GCC_WARN_UNUSED_VARIABLE = YES;
				IPHONEOS_DEPLOYMENT_TARGET = 8.1;
				MTL_ENABLE_DEBUG_INFO = YES;
				ONLY_ACTIVE_ARCH = YES;
				SDKROOT = iphoneos;
			};
			name = Debug;
		};
		CEE16A471AC0580800E85823 /* Release */ = {
			isa = XCBuildConfiguration;
			buildSettings = {
				ALWAYS_SEARCH_USER_PATHS = NO;
				CLANG_CXX_LANGUAGE_STANDARD = "gnu++0x";
				CLANG_CXX_LIBRARY = "libc++";
				CLANG_ENABLE_MODULES = YES;
				CLANG_ENABLE_OBJC_ARC = YES;
				CLANG_WARN_BOOL_CONVERSION = YES;
				CLANG_WARN_CONSTANT_CONVERSION = YES;
				CLANG_WARN_DIRECT_OBJC_ISA_USAGE = YES_ERROR;
				CLANG_WARN_EMPTY_BODY = YES;
				CLANG_WARN_ENUM_CONVERSION = YES;
				CLANG_WARN_INT_CONVERSION = YES;
				CLANG_WARN_OBJC_ROOT_CLASS = YES_ERROR;
				CLANG_WARN_UNREACHABLE_CODE = YES;
				CLANG_WARN__DUPLICATE_METHOD_MATCH = YES;
				"CODE_SIGN_IDENTITY[sdk=iphoneos*]" = "iPhone Developer";
				COPY_PHASE_STRIP = YES;
				ENABLE_NS_ASSERTIONS = NO;
				ENABLE_STRICT_OBJC_MSGSEND = YES;
				GCC_C_LANGUAGE_STANDARD = gnu99;
				GCC_WARN_64_TO_32_BIT_CONVERSION = YES;
				GCC_WARN_ABOUT_RETURN_TYPE = YES_ERROR;
				GCC_WARN_UNDECLARED_SELECTOR = YES;
				GCC_WARN_UNINITIALIZED_AUTOS = YES_AGGRESSIVE;
				GCC_WARN_UNUSED_FUNCTION = YES;
				GCC_WARN_UNUSED_VARIABLE = YES;
				IPHONEOS_DEPLOYMENT_TARGET = 8.1;
				MTL_ENABLE_DEBUG_INFO = NO;
				SDKROOT = iphoneos;
				VALIDATE_PRODUCT = YES;
			};
			name = Release;
		};
		CEE16A491AC0580800E85823 /* Debug */ = {
			isa = XCBuildConfiguration;
			buildSettings = {
				ASSETCATALOG_COMPILER_APPICON_NAME = AppIcon;
				INFOPLIST_FILE = HelloGit/Info.plist;
				LD_RUNPATH_SEARCH_PATHS = "$(inherited) @executable_path/Frameworks";
				PRODUCT_NAME = "$(TARGET_NAME)";
			};
			name = Debug;
		};
		CEE16A4A1AC0580800E85823 /* Release */ = {
			isa = XCBuildConfiguration;
			buildSettings = {
				ASSETCATALOG_COMPILER_APPICON_NAME = AppIcon;
				INFOPLIST_FILE = HelloGit/Info.plist;
				LD_RUNPATH_SEARCH_PATHS = "$(inherited) @executable_path/Frameworks";
				PRODUCT_NAME = "$(TARGET_NAME)";
			};
			name = Release;
		};
		CEE16A4C1AC0580800E85823 /* Debug */ = {
			isa = XCBuildConfiguration;
			buildSettings = {
				BUNDLE_LOADER = "$(TEST_HOST)";
				FRAMEWORK_SEARCH_PATHS = (
					"$(SDKROOT)/Developer/Library/Frameworks",
					"$(inherited)",
				);
				GCC_PREPROCESSOR_DEFINITIONS = (
					"DEBUG=1",
					"$(inherited)",
				);
				INFOPLIST_FILE = HelloGitTests/Info.plist;
				LD_RUNPATH_SEARCH_PATHS = "$(inherited) @executable_path/Frameworks @loader_path/Frameworks";
				PRODUCT_NAME = "$(TARGET_NAME)";
				TEST_HOST = "$(BUILT_PRODUCTS_DIR)/HelloGit.app/HelloGit";
			};
			name = Debug;
		};
		CEE16A4D1AC0580800E85823 /* Release */ = {
			isa = XCBuildConfiguration;
			buildSettings = {
				BUNDLE_LOADER = "$(TEST_HOST)";
				FRAMEWORK_SEARCH_PATHS = (
					"$(SDKROOT)/Developer/Library/Frameworks",
					"$(inherited)",
				);
				INFOPLIST_FILE = HelloGitTests/Info.plist;
				LD_RUNPATH_SEARCH_PATHS = "$(inherited) @executable_path/Frameworks @loader_path/Frameworks";
				PRODUCT_NAME = "$(TARGET_NAME)";
				TEST_HOST = "$(BUILT_PRODUCTS_DIR)/HelloGit.app/HelloGit";
			};
			name = Release;
		};
/* End XCBuildConfiguration section */

/* Begin XCConfigurationList section */
		CEE16A201AC0580700E85823 /* Build configuration list for PBXProject "HelloGit" */ = {
			isa = XCConfigurationList;
			buildConfigurations = (
				CEE16A461AC0580800E85823 /* Debug */,
				CEE16A471AC0580800E85823 /* Release */,
			);
			defaultConfigurationIsVisible = 0;
			defaultConfigurationName = Release;
		};
		CEE16A481AC0580800E85823 /* Build configuration list for PBXNativeTarget "HelloGit" */ = {
			isa = XCConfigurationList;
			buildConfigurations = (
				CEE16A491AC0580800E85823 /* Debug */,
				CEE16A4A1AC0580800E85823 /* Release */,
			);
			defaultConfigurationIsVisible = 0;
		};
		CEE16A4B1AC0580800E85823 /* Build configuration list for PBXNativeTarget "HelloGitTests" */ = {
			isa = XCConfigurationList;
			buildConfigurations = (
				CEE16A4C1AC0580800E85823 /* Debug */,
				CEE16A4D1AC0580800E85823 /* Release */,
			);
			defaultConfigurationIsVisible = 0;
		};
/* End XCConfigurationList section */
	};
	rootObject = CEE16A1D1AC0580700E85823 /* Project object */;
}
